
Microsoft Visual Studio Solution File, Format Version 12.00
# Visual Studio Version 16
VisualStudioVersion = 16.0.33927.289
MinimumVisualStudioVersion = 10.0.40219.1
Project("{2150E333-8FDC-42A3-9474-1A3956D46DE8}") = "Task0", "Task0", "{0DAC12A9-61F4-4281-8322-DA87FD5A9FA6}"
EndProject
Project("{FAE04EC0-301F-11D3-BF4B-00C04F79EFBC}") = "Tyuiu.ShtolAA.Sprint0.Task0.V0", "Tyuiu.ShtolAA.Sprint0.Task0.V0\Tyuiu.ShtolAA.Sprint0.Task0.V0.csproj", "{3C34C167-1DF7-4061-BFD4-C3B7BFEDC15D}"
EndProject
Project("{2150E333-8FDC-42A3-9474-1A3956D46DE8}") = "Task1", "Task1", "{6864A94C-4EEA-48A5-9959-B507830475FC}"
EndProject
Project("{FAE04EC0-301F-11D3-BF4B-00C04F79EFBC}") = "Tyuiu.ShtolAA.Sprint0.Task1.V0", "..\Tyuiu.ShtolAA.Sprint0.Task1.V0\Tyuiu.ShtolAA.Sprint0.Task1.V0.csproj", "{6B079C49-D20C-43FC-A24C-869E991672C0}"
EndProject
Project("{2150E333-8FDC-42A3-9474-1A3956D46DE8}") = "Task2", "Task2", "{CF71D20D-D514-46C8-B3B3-B39FF74F517E}"
EndProject
Project("{FAE04EC0-301F-11D3-BF4B-00C04F79EFBC}") = "Tyuiu.ShtolAA.Sprint0.Task2.V0", "Tyuiu.ShtolAA.Sprint0.Task2.V0\Tyuiu.ShtolAA.Sprint0.Task2.V0.csproj", "{C2CF0F60-81EB-4252-BBAF-164278B83F54}"
EndProject
Project("{FAE04EC0-301F-11D3-BF4B-00C04F79EFBC}") = "Tyuiu.ShtolAA.Sprint0.Task2.V0.Lib", "Tyuiu.ShtolAA.Sprint0.Task2.V0.Lib\Tyuiu.ShtolAA.Sprint0.Task2.V0.Lib.csproj", "{865DD1DA-7881-4DF3-A308-CC935DFB2FC2}"
EndProject
Project("{FAE04EC0-301F-11D3-BF4B-00C04F79EFBC}") = "Tyuiu.ShtolAA.Sprint0.Task2.V0.Test", "Tyuiu.ShtolAA.Sprint0.Task2.V0.Test\Tyuiu.ShtolAA.Sprint0.Task2.V0.Test.csproj", "{E58BCCA2-F913-4610-AEA9-1BE8D52C82F6}"
EndProject
Project("{2150E333-8FDC-42A3-9474-1A3956D46DE8}") = "Task3", "Task3", "{050E6A3B-C7E3-46B9-A279-70EDE5A2B27A}"
EndProject
Project("{FAE04EC0-301F-11D3-BF4B-00C04F79EFBC}") = "Tyuiu.ShtolAA.Sprint0.Task3.V0", "Tyuiu.ShtolAA.Sprint0.Task3.V0\Tyuiu.ShtolAA.Sprint0.Task3.V0.csproj", "{C817267F-2640-4BB3-BE55-C2799D043E0F}"
EndProject
Project("{FAE04EC0-301F-11D3-BF4B-00C04F79EFBC}") = "Tyuiu.ShtolAA.Sprint0.Task3.V0.Lib", "Tyuiu.ShtolAA.Sprint0.Task3.V0.Lib\Tyuiu.ShtolAA.Sprint0.Task3.V0.Lib.csproj", "{F7FA22F1-67EF-49F2-A364-619F48471D26}"
EndProject
Project("{FAE04EC0-301F-11D3-BF4B-00C04F79EFBC}") = "Tyuiu.ShtolAA.Sprint0.Task3.V0.Test", "Tyuiu.ShtolAA.Sprint0.Task3.V0.Test\Tyuiu.ShtolAA.Sprint0.Task3.V0.Test.csproj", "{02301894-4381-4579-B24E-1A8DF414B41F}"
EndProject
Project("{2150E333-8FDC-42A3-9474-1A3956D46DE8}") = "Task4", "Task4", "{E468C47F-A846-4FFD-A646-8EABC65225BE}"
EndProject
Project("{FAE04EC0-301F-11D3-BF4B-00C04F79EFBC}") = "Tyuiu.ShtolAA.Sprint0.Task4.V0", "Tyuiu.ShtolAA.Sprint0.Task4.V0\Tyuiu.ShtolAA.Sprint0.Task4.V0.csproj", "{E95FD73E-6253-448C-B9BB-7816E295ECA8}"
EndProject
Project("{FAE04EC0-301F-11D3-BF4B-00C04F79EFBC}") = "Tyuiu.ShtolAA.Sprint0.Task4.V0.Lib", "Tyuiu.ShtolAA.Sprint0.Task4.V0.Lib\Tyuiu.ShtolAA.Sprint0.Task4.V0.Lib.csproj", "{21DD0144-1A62-40DB-BCAE-2CA901323C30}"
EndProject
Project("{FAE04EC0-301F-11D3-BF4B-00C04F79EFBC}") = "Tyuiu.ShtolAA.Sprint0.Task4.V0.Test", "Tyuiu.ShtolAA.Sprint0.Task4.V0.Test\Tyuiu.ShtolAA.Sprint0.Task4.V0.Test.csproj", "{C35178C6-DD84-412F-A4D5-02262BEBBF25}"
EndProject
Project("{2150E333-8FDC-42A3-9474-1A3956D46DE8}") = "Task5", "Task5", "{2670F33F-6F00-4D2D-AF7A-9CD268F89C6B}"
EndProject
Project("{FAE04EC0-301F-11D3-BF4B-00C04F79EFBC}") = "Tyuiu.ShtolAA.Sprint0.Task5.V0", "Tyuiu.ShtolAA.Sprint0.Task5.V0\Tyuiu.ShtolAA.Sprint0.Task5.V0.csproj", "{4CFC69E1-D02B-4791-8DB4-C22F8E917ED1}"
EndProject
Project("{FAE04EC0-301F-11D3-BF4B-00C04F79EFBC}") = "Tyuiu.ShtolAA.Sprint0.Task5.V0.Lib", "Tyuiu.ShtolAA.Sprint0.Task5.V0.Lib\Tyuiu.ShtolAA.Sprint0.Task5.V0.Lib.csproj", "{A726170F-751D-4D26-A0CA-7BC15BA4243A}"
EndProject
Project("{FAE04EC0-301F-11D3-BF4B-00C04F79EFBC}") = "Tyuiu.ShtolAA.Sprint0.Task5.V0.Test", "Tyuiu.ShtolAA.Sprint0.Task5.V0.Test\Tyuiu.ShtolAA.Sprint0.Task5.V0.Test.csproj", "{57F71B85-C8F2-4A0F-BC1E-02FE2FA92FE0}"
EndProject
Project("{2150E333-8FDC-42A3-9474-1A3956D46DE8}") = "Task6", "Task6", "{D216553F-2FB2-4768-A0BD-06DF37443020}"
EndProject
Project("{FAE04EC0-301F-11D3-BF4B-00C04F79EFBC}") = "Tyuiu.ShtolAA.Sprint0.Task6.V0", "Tyuiu.ShtolAA.Sprint0.Task6.V0\Tyuiu.ShtolAA.Sprint0.Task6.V0.csproj", "{5F11AE1F-1284-43BD-B420-EF5702A9F76B}"
EndProject
Project("{FAE04EC0-301F-11D3-BF4B-00C04F79EFBC}") = "Tyuiu.ShtolAA.Sprint0.Task6.V0.Lib", "Tyuiu.ShtolAA.Sprint0.Task6.V0.Lib\Tyuiu.ShtolAA.Sprint0.Task6.V0.Lib.csproj", "{77F850DB-A234-4568-92B2-12FDB9D82EF6}"
EndProject
Project("{FAE04EC0-301F-11D3-BF4B-00C04F79EFBC}") = "Tyuiu.ShtolAA.Sprint0.Task6.V0.Test", "Tyuiu.ShtolAA.Sprint0.Task6.V0.Test\Tyuiu.ShtolAA.Sprint0.Task6.V0.Test.csproj", "{D282B718-2A58-40FF-B7B7-53E92AD42C5D}"
EndProject
Project("{2150E333-8FDC-42A3-9474-1A3956D46DE8}") = "Task7", "Task7", "{6C10B745-E648-4B4E-9609-B2C1D7C03C5A}"
EndProject
Project("{FAE04EC0-301F-11D3-BF4B-00C04F79EFBC}") = "Tyuiu.ShtolAA.Sprint0.Task7.V0", "Tyuiu.ShtolAA.Sprint0.Task7.V0\Tyuiu.ShtolAA.Sprint0.Task7.V0.csproj", "{96B28E4A-6747-4F07-A08A-F8B3DDF3D5E6}"
EndProject
Project("{FAE04EC0-301F-11D3-BF4B-00C04F79EFBC}") = "Tyuiu.ShtolAA.Sprint0.Task7.V0.Lib", "Tyuiu.ShtolAA.Sprint0.Task7.V0.Lib\Tyuiu.ShtolAA.Sprint0.Task7.V0.Lib.csproj", "{2A1EF213-04F0-460E-9E26-8B8A2FE581EA}"
EndProject
Project("{FAE04EC0-301F-11D3-BF4B-00C04F79EFBC}") = "Tyuiu.ShtolAA.Sprint0.Task7.V0.Test", "Tyuiu.ShtolAA.Sprint0.Task7.V0.Test\Tyuiu.ShtolAA.Sprint0.Task7.V0.Test.csproj", "{08EFA7C9-F4D8-4072-ACE8-AEF6B4AEB49C}"
EndProject
Global
	GlobalSection(SolutionConfigurationPlatforms) = preSolution
		Debug|Any CPU = Debug|Any CPU
		Release|Any CPU = Release|Any CPU
	EndGlobalSection
	GlobalSection(ProjectConfigurationPlatforms) = postSolution
		{3C34C167-1DF7-4061-BFD4-C3B7BFEDC15D}.Debug|Any CPU.ActiveCfg = Debug|Any CPU
		{3C34C167-1DF7-4061-BFD4-C3B7BFEDC15D}.Debug|Any CPU.Build.0 = Debug|Any CPU
		{3C34C167-1DF7-4061-BFD4-C3B7BFEDC15D}.Release|Any CPU.ActiveCfg = Release|Any CPU
		{3C34C167-1DF7-4061-BFD4-C3B7BFEDC15D}.Release|Any CPU.Build.0 = Release|Any CPU
		{6B079C49-D20C-43FC-A24C-869E991672C0}.Debug|Any CPU.ActiveCfg = Debug|Any CPU
		{6B079C49-D20C-43FC-A24C-869E991672C0}.Debug|Any CPU.Build.0 = Debug|Any CPU
		{6B079C49-D20C-43FC-A24C-869E991672C0}.Release|Any CPU.ActiveCfg = Release|Any CPU
		{6B079C49-D20C-43FC-A24C-869E991672C0}.Release|Any CPU.Build.0 = Release|Any CPU
		{C2CF0F60-81EB-4252-BBAF-164278B83F54}.Debug|Any CPU.ActiveCfg = Debug|Any CPU
		{C2CF0F60-81EB-4252-BBAF-164278B83F54}.Debug|Any CPU.Build.0 = Debug|Any CPU
		{C2CF0F60-81EB-4252-BBAF-164278B83F54}.Release|Any CPU.ActiveCfg = Release|Any CPU
		{C2CF0F60-81EB-4252-BBAF-164278B83F54}.Release|Any CPU.Build.0 = Release|Any CPU
		{865DD1DA-7881-4DF3-A308-CC935DFB2FC2}.Debug|Any CPU.ActiveCfg = Debug|Any CPU
		{865DD1DA-7881-4DF3-A308-CC935DFB2FC2}.Debug|Any CPU.Build.0 = Debug|Any CPU
		{865DD1DA-7881-4DF3-A308-CC935DFB2FC2}.Release|Any CPU.ActiveCfg = Release|Any CPU
		{865DD1DA-7881-4DF3-A308-CC935DFB2FC2}.Release|Any CPU.Build.0 = Release|Any CPU
		{E58BCCA2-F913-4610-AEA9-1BE8D52C82F6}.Debug|Any CPU.ActiveCfg = Debug|Any CPU
		{E58BCCA2-F913-4610-AEA9-1BE8D52C82F6}.Debug|Any CPU.Build.0 = Debug|Any CPU
		{E58BCCA2-F913-4610-AEA9-1BE8D52C82F6}.Release|Any CPU.ActiveCfg = Release|Any CPU
		{E58BCCA2-F913-4610-AEA9-1BE8D52C82F6}.Release|Any CPU.Build.0 = Release|Any CPU
		{C817267F-2640-4BB3-BE55-C2799D043E0F}.Debug|Any CPU.ActiveCfg = Debug|Any CPU
		{C817267F-2640-4BB3-BE55-C2799D043E0F}.Debug|Any CPU.Build.0 = Debug|Any CPU
		{C817267F-2640-4BB3-BE55-C2799D043E0F}.Release|Any CPU.ActiveCfg = Release|Any CPU
		{C817267F-2640-4BB3-BE55-C2799D043E0F}.Release|Any CPU.Build.0 = Release|Any CPU
		{F7FA22F1-67EF-49F2-A364-619F48471D26}.Debug|Any CPU.ActiveCfg = Debug|Any CPU
		{F7FA22F1-67EF-49F2-A364-619F48471D26}.Debug|Any CPU.Build.0 = Debug|Any CPU
		{F7FA22F1-67EF-49F2-A364-619F48471D26}.Release|Any CPU.ActiveCfg = Release|Any CPU
		{F7FA22F1-67EF-49F2-A364-619F48471D26}.Release|Any CPU.Build.0 = Release|Any CPU
		{02301894-4381-4579-B24E-1A8DF414B41F}.Debug|Any CPU.ActiveCfg = Debug|Any CPU
		{02301894-4381-4579-B24E-1A8DF414B41F}.Debug|Any CPU.Build.0 = Debug|Any CPU
		{02301894-4381-4579-B24E-1A8DF414B41F}.Release|Any CPU.ActiveCfg = Release|Any CPU
		{02301894-4381-4579-B24E-1A8DF414B41F}.Release|Any CPU.Build.0 = Release|Any CPU
		{E95FD73E-6253-448C-B9BB-7816E295ECA8}.Debug|Any CPU.ActiveCfg = Debug|Any CPU
		{E95FD73E-6253-448C-B9BB-7816E295ECA8}.Debug|Any CPU.Build.0 = Debug|Any CPU
		{E95FD73E-6253-448C-B9BB-7816E295ECA8}.Release|Any CPU.ActiveCfg = Release|Any CPU
		{E95FD73E-6253-448C-B9BB-7816E295ECA8}.Release|Any CPU.Build.0 = Release|Any CPU
		{21DD0144-1A62-40DB-BCAE-2CA901323C30}.Debug|Any CPU.ActiveCfg = Debug|Any CPU
		{21DD0144-1A62-40DB-BCAE-2CA901323C30}.Debug|Any CPU.Build.0 = Debug|Any CPU
		{21DD0144-1A62-40DB-BCAE-2CA901323C30}.Release|Any CPU.ActiveCfg = Release|Any CPU
		{21DD0144-1A62-40DB-BCAE-2CA901323C30}.Release|Any CPU.Build.0 = Release|Any CPU
		{C35178C6-DD84-412F-A4D5-02262BEBBF25}.Debug|Any CPU.ActiveCfg = Debug|Any CPU
		{C35178C6-DD84-412F-A4D5-02262BEBBF25}.Debug|Any CPU.Build.0 = Debug|Any CPU
		{C35178C6-DD84-412F-A4D5-02262BEBBF25}.Release|Any CPU.ActiveCfg = Release|Any CPU
		{C35178C6-DD84-412F-A4D5-02262BEBBF25}.Release|Any CPU.Build.0 = Release|Any CPU
		{4CFC69E1-D02B-4791-8DB4-C22F8E917ED1}.Debug|Any CPU.ActiveCfg = Debug|Any CPU
		{4CFC69E1-D02B-4791-8DB4-C22F8E917ED1}.Debug|Any CPU.Build.0 = Debug|Any CPU
		{4CFC69E1-D02B-4791-8DB4-C22F8E917ED1}.Release|Any CPU.ActiveCfg = Release|Any CPU
		{4CFC69E1-D02B-4791-8DB4-C22F8E917ED1}.Release|Any CPU.Build.0 = Release|Any CPU
		{A726170F-751D-4D26-A0CA-7BC15BA4243A}.Debug|Any CPU.ActiveCfg = Debug|Any CPU
		{A726170F-751D-4D26-A0CA-7BC15BA4243A}.Debug|Any CPU.Build.0 = Debug|Any CPU
		{A726170F-751D-4D26-A0CA-7BC15BA4243A}.Release|Any CPU.ActiveCfg = Release|Any CPU
		{A726170F-751D-4D26-A0CA-7BC15BA4243A}.Release|Any CPU.Build.0 = Release|Any CPU
		{57F71B85-C8F2-4A0F-BC1E-02FE2FA92FE0}.Debug|Any CPU.ActiveCfg = Debug|Any CPU
		{57F71B85-C8F2-4A0F-BC1E-02FE2FA92FE0}.Debug|Any CPU.Build.0 = Debug|Any CPU
		{57F71B85-C8F2-4A0F-BC1E-02FE2FA92FE0}.Release|Any CPU.ActiveCfg = Release|Any CPU
		{57F71B85-C8F2-4A0F-BC1E-02FE2FA92FE0}.Release|Any CPU.Build.0 = Release|Any CPU
		{5F11AE1F-1284-43BD-B420-EF5702A9F76B}.Debug|Any CPU.ActiveCfg = Debug|Any CPU
		{5F11AE1F-1284-43BD-B420-EF5702A9F76B}.Debug|Any CPU.Build.0 = Debug|Any CPU
		{5F11AE1F-1284-43BD-B420-EF5702A9F76B}.Release|Any CPU.ActiveCfg = Release|Any CPU
		{5F11AE1F-1284-43BD-B420-EF5702A9F76B}.Release|Any CPU.Build.0 = Release|Any CPU
		{77F850DB-A234-4568-92B2-12FDB9D82EF6}.Debug|Any CPU.ActiveCfg = Debug|Any CPU
		{77F850DB-A234-4568-92B2-12FDB9D82EF6}.Debug|Any CPU.Build.0 = Debug|Any CPU
		{77F850DB-A234-4568-92B2-12FDB9D82EF6}.Release|Any CPU.ActiveCfg = Release|Any CPU
		{77F850DB-A234-4568-92B2-12FDB9D82EF6}.Release|Any CPU.Build.0 = Release|Any CPU
		{D282B718-2A58-40FF-B7B7-53E92AD42C5D}.Debug|Any CPU.ActiveCfg = Debug|Any CPU
		{D282B718-2A58-40FF-B7B7-53E92AD42C5D}.Debug|Any CPU.Build.0 = Debug|Any CPU
		{D282B718-2A58-40FF-B7B7-53E92AD42C5D}.Release|Any CPU.ActiveCfg = Release|Any CPU
		{D282B718-2A58-40FF-B7B7-53E92AD42C5D}.Release|Any CPU.Build.0 = Release|Any CPU
		{96B28E4A-6747-4F07-A08A-F8B3DDF3D5E6}.Debug|Any CPU.ActiveCfg = Debug|Any CPU
		{96B28E4A-6747-4F07-A08A-F8B3DDF3D5E6}.Debug|Any CPU.Build.0 = Debug|Any CPU
		{96B28E4A-6747-4F07-A08A-F8B3DDF3D5E6}.Release|Any CPU.ActiveCfg = Release|Any CPU
		{96B28E4A-6747-4F07-A08A-F8B3DDF3D5E6}.Release|Any CPU.Build.0 = Release|Any CPU
		{2A1EF213-04F0-460E-9E26-8B8A2FE581EA}.Debug|Any CPU.ActiveCfg = Debug|Any CPU
		{2A1EF213-04F0-460E-9E26-8B8A2FE581EA}.Debug|Any CPU.Build.0 = Debug|Any CPU
		{2A1EF213-04F0-460E-9E26-8B8A2FE581EA}.Release|Any CPU.ActiveCfg = Release|Any CPU
		{2A1EF213-04F0-460E-9E26-8B8A2FE581EA}.Release|Any CPU.Build.0 = Release|Any CPU
		{08EFA7C9-F4D8-4072-ACE8-AEF6B4AEB49C}.Debug|Any CPU.ActiveCfg = Debug|Any CPU
		{08EFA7C9-F4D8-4072-ACE8-AEF6B4AEB49C}.Debug|Any CPU.Build.0 = Debug|Any CPU
		{08EFA7C9-F4D8-4072-ACE8-AEF6B4AEB49C}.Release|Any CPU.ActiveCfg = Release|Any CPU
		{08EFA7C9-F4D8-4072-ACE8-AEF6B4AEB49C}.Release|Any CPU.Build.0 = Release|Any CPU
	EndGlobalSection
	GlobalSection(SolutionProperties) = preSolution
		HideSolutionNode = FALSE
	EndGlobalSection
	GlobalSection(NestedProjects) = preSolution
		{3C34C167-1DF7-4061-BFD4-C3B7BFEDC15D} = {0DAC12A9-61F4-4281-8322-DA87FD5A9FA6}
		{6B079C49-D20C-43FC-A24C-869E991672C0} = {6864A94C-4EEA-48A5-9959-B507830475FC}
		{C2CF0F60-81EB-4252-BBAF-164278B83F54} = {CF71D20D-D514-46C8-B3B3-B39FF74F517E}
		{865DD1DA-7881-4DF3-A308-CC935DFB2FC2} = {CF71D20D-D514-46C8-B3B3-B39FF74F517E}
		{E58BCCA2-F913-4610-AEA9-1BE8D52C82F6} = {CF71D20D-D514-46C8-B3B3-B39FF74F517E}
		{C817267F-2640-4BB3-BE55-C2799D043E0F} = {050E6A3B-C7E3-46B9-A279-70EDE5A2B27A}
		{F7FA22F1-67EF-49F2-A364-619F48471D26} = {050E6A3B-C7E3-46B9-A279-70EDE5A2B27A}
		{02301894-4381-4579-B24E-1A8DF414B41F} = {050E6A3B-C7E3-46B9-A279-70EDE5A2B27A}
		{E95FD73E-6253-448C-B9BB-7816E295ECA8} = {E468C47F-A846-4FFD-A646-8EABC65225BE}
		{21DD0144-1A62-40DB-BCAE-2CA901323C30} = {E468C47F-A846-4FFD-A646-8EABC65225BE}
		{C35178C6-DD84-412F-A4D5-02262BEBBF25} = {E468C47F-A846-4FFD-A646-8EABC65225BE}
		{4CFC69E1-D02B-4791-8DB4-C22F8E917ED1} = {2670F33F-6F00-4D2D-AF7A-9CD268F89C6B}
		{A726170F-751D-4D26-A0CA-7BC15BA4243A} = {2670F33F-6F00-4D2D-AF7A-9CD268F89C6B}
		{57F71B85-C8F2-4A0F-BC1E-02FE2FA92FE0} = {2670F33F-6F00-4D2D-AF7A-9CD268F89C6B}
		{5F11AE1F-1284-43BD-B420-EF5702A9F76B} = {D216553F-2FB2-4768-A0BD-06DF37443020}
		{77F850DB-A234-4568-92B2-12FDB9D82EF6} = {D216553F-2FB2-4768-A0BD-06DF37443020}
		{D282B718-2A58-40FF-B7B7-53E92AD42C5D} = {D216553F-2FB2-4768-A0BD-06DF37443020}
		{96B28E4A-6747-4F07-A08A-F8B3DDF3D5E6} = {6C10B745-E648-4B4E-9609-B2C1D7C03C5A}
		{2A1EF213-04F0-460E-9E26-8B8A2FE581EA} = {6C10B745-E648-4B4E-9609-B2C1D7C03C5A}
		{08EFA7C9-F4D8-4072-ACE8-AEF6B4AEB49C} = {6C10B745-E648-4B4E-9609-B2C1D7C03C5A}
	EndGlobalSection
	GlobalSection(ExtensibilityGlobals) = postSolution
		SolutionGuid = {B89490EC-03E7-4484-BE70-2C6E2C55AEE4}
	EndGlobalSection
EndGlobal
